
Microsoft Visual Studio Solution File, Format Version 12.00
# Visual Studio Version 16
VisualStudioVersion = 16.0.31205.134
MinimumVisualStudioVersion = 10.0.40219.1
Project("{FAE04EC0-301F-11D3-BF4B-00C04F79EFBC}") = "Otus.SelectionAndHeapSortings.SixthHomework", "Otus.SelectionAndHeapSortings.SixthHomework\Otus.SelectionAndHeapSortings.SixthHomework.csproj", "{4EE09F13-9BEF-4661-8403-ACAC9AE74A33}"
EndProject
Project("{FAE04EC0-301F-11D3-BF4B-00C04F79EFBC}") = "Tests", "Tests\Tests.csproj", "{A563CAC7-DE0E-45FC-89FD-16C4C832A32D}"
EndProject
Global
	GlobalSection(SolutionConfigurationPlatforms) = preSolution
		Debug|Any CPU = Debug|Any CPU
		Release|Any CPU = Release|Any CPU
	EndGlobalSection
	GlobalSection(ProjectConfigurationPlatforms) = postSolution
		{4EE09F13-9BEF-4661-8403-ACAC9AE74A33}.Debug|Any CPU.ActiveCfg = Debug|Any CPU
		{4EE09F13-9BEF-4661-8403-ACAC9AE74A33}.Debug|Any CPU.Build.0 = Debug|Any CPU
		{4EE09F13-9BEF-4661-8403-ACAC9AE74A33}.Release|Any CPU.ActiveCfg = Release|Any CPU
		{4EE09F13-9BEF-4661-8403-ACAC9AE74A33}.Release|Any CPU.Build.0 = Release|Any CPU
		{A563CAC7-DE0E-45FC-89FD-16C4C832A32D}.Debug|Any CPU.ActiveCfg = Debug|Any CPU
		{A563CAC7-DE0E-45FC-89FD-16C4C832A32D}.Debug|Any CPU.Build.0 = Debug|Any CPU
		{A563CAC7-DE0E-45FC-89FD-16C4C832A32D}.Release|Any CPU.ActiveCfg = Release|Any CPU
		{A563CAC7-DE0E-45FC-89FD-16C4C832A32D}.Release|Any CPU.Build.0 = Release|Any CPU
	EndGlobalSection
	GlobalSection(SolutionProperties) = preSolution
		HideSolutionNode = FALSE
	EndGlobalSection
	GlobalSection(ExtensibilityGlobals) = postSolution
		SolutionGuid = {DDBADEAF-BF09-484A-B690-1AB7D7DF5C58}
	EndGlobalSection
EndGlobal
